
Microsoft Visual Studio Solution File, Format Version 12.00
# Visual Studio 14
VisualStudioVersion = 14.0.25123.0
MinimumVisualStudioVersion = 10.0.40219.1
Project("{BACFE984-8ACC-49F1-B32A-C4CDB36249AC}") = "Sitecore.Support.96886", "Sitecore.Support.96886\Sitecore.Support.96886.csproj", "{79673951-9D0A-4C67-8E08-3FF2B1939543}"
EndProject
Global
	GlobalSection(SolutionConfigurationPlatforms) = preSolution
		Debug|Any CPU = Debug|Any CPU
		Release|Any CPU = Release|Any CPU
	EndGlobalSection
	GlobalSection(ProjectConfigurationPlatforms) = postSolution
		{79673951-9D0A-4C67-8E08-3FF2B1939543}.Debug|Any CPU.ActiveCfg = Debug|Any CPU
		{79673951-9D0A-4C67-8E08-3FF2B1939543}.Debug|Any CPU.Build.0 = Debug|Any CPU
		{79673951-9D0A-4C67-8E08-3FF2B1939543}.Release|Any CPU.ActiveCfg = Release|Any CPU
		{79673951-9D0A-4C67-8E08-3FF2B1939543}.Release|Any CPU.Build.0 = Release|Any CPU
	EndGlobalSection
	GlobalSection(SolutionProperties) = preSolution
		HideSolutionNode = FALSE
	EndGlobalSection
EndGlobal
